
Microsoft Visual Studio Solution File, Format Version 12.00
# Visual Studio 15
VisualStudioVersion = 15.0.27130.2036
MinimumVisualStudioVersion = 10.0.40219.1
Project("{FAE04EC0-301F-11D3-BF4B-00C04F79EFBC}") = "MVP", "MVP\MVP.csproj", "{2EB57CFE-217E-4A5E-9046-CE7020C9038C}"
EndProject
Project("{FAE04EC0-301F-11D3-BF4B-00C04F79EFBC}") = "Test", "Test\Test.csproj", "{89D7B5D5-3016-4EEA-A5B1-33ED4331ECD6}"
EndProject
Global
	GlobalSection(SolutionConfigurationPlatforms) = preSolution
		Debug|Any CPU = Debug|Any CPU
		Release|Any CPU = Release|Any CPU
	EndGlobalSection
	GlobalSection(ProjectConfigurationPlatforms) = postSolution
		{2EB57CFE-217E-4A5E-9046-CE7020C9038C}.Debug|Any CPU.ActiveCfg = Debug|Any CPU
		{2EB57CFE-217E-4A5E-9046-CE7020C9038C}.Debug|Any CPU.Build.0 = Debug|Any CPU
		{2EB57CFE-217E-4A5E-9046-CE7020C9038C}.Release|Any CPU.ActiveCfg = Release|Any CPU
		{2EB57CFE-217E-4A5E-9046-CE7020C9038C}.Release|Any CPU.Build.0 = Release|Any CPU
		{89D7B5D5-3016-4EEA-A5B1-33ED4331ECD6}.Debug|Any CPU.ActiveCfg = Debug|Any CPU
		{89D7B5D5-3016-4EEA-A5B1-33ED4331ECD6}.Debug|Any CPU.Build.0 = Debug|Any CPU
		{89D7B5D5-3016-4EEA-A5B1-33ED4331ECD6}.Release|Any CPU.ActiveCfg = Release|Any CPU
		{89D7B5D5-3016-4EEA-A5B1-33ED4331ECD6}.Release|Any CPU.Build.0 = Release|Any CPU
	EndGlobalSection
	GlobalSection(SolutionProperties) = preSolution
		HideSolutionNode = FALSE
	EndGlobalSection
	GlobalSection(ExtensibilityGlobals) = postSolution
		SolutionGuid = {879E7C48-5B32-4850-A49E-B92E47D0ABDF}
	EndGlobalSection
EndGlobal
